github.com/KiritoNya/gotaku v0.9.8 h1:6AlajFYCHCbalfPrj5rRYMN+UHM94dmwbMRkDLIlOXo=
github.com/KiritoNya/gotaku v0.9.8/go.mod h1:QNrL6cQIQXKR8/b6DHg0j0LqmzIpeY8aov4l+uHLS8c=
github.com/KiritoNya/gotaku/image v0.0.0-20211218004526-00bea8559e0c h1:Co1lw5HA7HQ0WLqa/X3muLju84RyJHb44QFDJi1VJM8=
github.com/KiritoNya/gotaku/image v0.0.0-20211218004526-00bea8559e0c/go.mod h1:1lAQBFfBZwC/Y3M3jkEflFDxO0rnnwuf1F/Con0sevU=
